
Microsoft Visual Studio Solution File, Format Version 12.00
# Visual Studio Version 17
VisualStudioVersion = 17.8.34309.116
MinimumVisualStudioVersion = 10.0.40219.1
Project("{2150E333-8FDC-42A3-9474-1A3956D46DE8}") = "Domain", "Domain", "{721F32B6-1C39-41E3-8F0E-83D1EC92B4DE}"
EndProject
Project("{2150E333-8FDC-42A3-9474-1A3956D46DE8}") = "Infrastructure", "Infrastructure", "{9FDB02E9-D1A7-4632-A2D9-A4A91EE4D4A5}"
EndProject
Project("{9A19103F-16F7-4668-BE54-9A1E7A4F7556}") = "ChargingStation.Domain", "Domain\ChargingStation.Domain\ChargingStation.Domain.csproj", "{81DED813-F39D-4BD7-8554-1E4F83F17889}"
EndProject
Project("{9A19103F-16F7-4668-BE54-9A1E7A4F7556}") = "ChargingStation.Infrastructure", "Infrastructure\ChargingStation.Infrastructure\ChargingStation.Infrastructure.csproj", "{3FD24E3E-A56C-4724-B1A8-1CDBBE69CF7E}"
EndProject
Project("{2150E333-8FDC-42A3-9474-1A3956D46DE8}") = "API", "API", "{6545E985-58B5-4590-B765-B7CD27628D0B}"
EndProject
Project("{9A19103F-16F7-4668-BE54-9A1E7A4F7556}") = "ChargingStation.Depots", "API\ChargingStation.Depots\ChargingStation.Depots.csproj", "{343A614A-F598-4262-A85C-D0FBF2DBF8CF}"
EndProject
Project("{9A19103F-16F7-4668-BE54-9A1E7A4F7556}") = "ChargingStation.Common", "Domain\ChargingStation.Common\ChargingStation.Common.csproj", "{3A10EEEC-99BA-4AD7-ABE5-AA062725BCF3}"
EndProject
Project("{2150E333-8FDC-42A3-9474-1A3956D46DE8}") = "Gateway", "Gateway", "{9F195BD9-461A-4E26-8EC9-F32C7B9AE4C7}"
EndProject
Project("{9A19103F-16F7-4668-BE54-9A1E7A4F7556}") = "ChargingStation.Gateway", "ChargingStation.Gateway\ChargingStation.Gateway.csproj", "{B4F30AA3-6790-4D46-936E-E957D7F8B2BE}"
EndProject
Project("{9A19103F-16F7-4668-BE54-9A1E7A4F7556}") = "ChargingStation.ChargePoints", "API\ChargingStation.ChargePoints\ChargingStation.ChargePoints.csproj", "{EDD433C2-1E80-46DC-AFF7-7C63D67AC23B}"
EndProject
Project("{9A19103F-16F7-4668-BE54-9A1E7A4F7556}") = "ChargingStation.WebSockets", "API\ChargingStation.WebSockets\ChargingStation.WebSockets.csproj", "{76BB47F8-38A9-4F41-94F8-715287899BD0}"
EndProject
Project("{E53339B2-1760-4266-BCC7-CA923CBCF16C}") = "docker-compose", "docker-compose.dcproj", "{C5E7EBF7-2016-4030-8368-42B90E16AF6A}"
EndProject
Project("{9A19103F-16F7-4668-BE54-9A1E7A4F7556}") = "ChargingStation.OcppTags", "API\ChargingStation.OcppTags\ChargingStation.OcppTags.csproj", "{9B8B93B0-A9D9-4304-B4B7-43B704EF3F33}"
EndProject
Project("{9A19103F-16F7-4668-BE54-9A1E7A4F7556}") = "ChargingStation.Transactions", "API\ChargingStation.Transactions\ChargingStation.Transactions.csproj", "{11D5D412-246E-4EFA-B6DA-B845C32DC377}"
EndProject
Project("{9A19103F-16F7-4668-BE54-9A1E7A4F7556}") = "ChargingStation.Connectors", "API\ChargingStation.Connectors\ChargingStation.Connectors.csproj", "{1B111947-56F6-4727-821B-25230469F107}"
EndProject
Project("{9A19103F-16F7-4668-BE54-9A1E7A4F7556}") = "ChargingStation.Reservations", "API\ChargingStation.Reservations\ChargingStation.Reservations.csproj", "{27E39FBB-A444-4C15-8790-E59485BF4531}"
EndProject
Project("{9A19103F-16F7-4668-BE54-9A1E7A4F7556}") = "ChargingStation.Heartbeats", "API\ChargingStation.Heartbeats\ChargingStation.Heartbeats.csproj", "{D3D723F0-8AC0-470C-B37D-FC990CB27EFE}"
EndProject
Project("{9A19103F-16F7-4668-BE54-9A1E7A4F7556}") = "ChargingStation.InternalCommunication", "Infrastructure\ChargingStation.InternalCommunication\ChargingStation.InternalCommunication.csproj", "{2A7C50B5-63F1-4B77-B495-4D5F67E76E2A}"
EndProject
Project("{9A19103F-16F7-4668-BE54-9A1E7A4F7556}") = "ChargingStation.ChargingProfiles", "API\ChargingStation.ChargingProfiles\ChargingStation.ChargingProfiles.csproj", "{2E912E14-49D1-46FA-B651-37ACF9EFF747}"
EndProject
Project("{9A19103F-16F7-4668-BE54-9A1E7A4F7556}") = "ChargingStation.CacheManager", "Infrastructure\ChargingStation.CacheManager\ChargingStation.CacheManager.csproj", "{38AD1F79-1843-4ADB-9CD9-EB1316D0C1BA}"
EndProject
Project("{FAE04EC0-301F-11D3-BF4B-00C04F79EFBC}") = "ChargingStation.Aggregator", "API\ChargingStation.Aggregator\ChargingStation.Aggregator.csproj", "{506F076A-5C67-4455-A1EC-DF5E13C0688F}"
EndProject
Project("{FAE04EC0-301F-11D3-BF4B-00C04F79EFBC}") = "ChargingStation.SignalR", "API\ChargingStation.SignalR\ChargingStation.SignalR.csproj", "{C462DE59-D1ED-44A2-A7C5-84323095F497}"
EndProject
Global
	GlobalSection(SolutionConfigurationPlatforms) = preSolution
		Debug|Any CPU = Debug|Any CPU
		Release|Any CPU = Release|Any CPU
	EndGlobalSection
	GlobalSection(ProjectConfigurationPlatforms) = postSolution
		{81DED813-F39D-4BD7-8554-1E4F83F17889}.Debug|Any CPU.ActiveCfg = Debug|Any CPU
		{81DED813-F39D-4BD7-8554-1E4F83F17889}.Debug|Any CPU.Build.0 = Debug|Any CPU
		{81DED813-F39D-4BD7-8554-1E4F83F17889}.Release|Any CPU.ActiveCfg = Release|Any CPU
		{81DED813-F39D-4BD7-8554-1E4F83F17889}.Release|Any CPU.Build.0 = Release|Any CPU
		{3FD24E3E-A56C-4724-B1A8-1CDBBE69CF7E}.Debug|Any CPU.ActiveCfg = Debug|Any CPU
		{3FD24E3E-A56C-4724-B1A8-1CDBBE69CF7E}.Debug|Any CPU.Build.0 = Debug|Any CPU
		{3FD24E3E-A56C-4724-B1A8-1CDBBE69CF7E}.Release|Any CPU.ActiveCfg = Release|Any CPU
		{3FD24E3E-A56C-4724-B1A8-1CDBBE69CF7E}.Release|Any CPU.Build.0 = Release|Any CPU
		{343A614A-F598-4262-A85C-D0FBF2DBF8CF}.Debug|Any CPU.ActiveCfg = Debug|Any CPU
		{343A614A-F598-4262-A85C-D0FBF2DBF8CF}.Debug|Any CPU.Build.0 = Debug|Any CPU
		{343A614A-F598-4262-A85C-D0FBF2DBF8CF}.Release|Any CPU.ActiveCfg = Release|Any CPU
		{343A614A-F598-4262-A85C-D0FBF2DBF8CF}.Release|Any CPU.Build.0 = Release|Any CPU
		{3A10EEEC-99BA-4AD7-ABE5-AA062725BCF3}.Debug|Any CPU.ActiveCfg = Debug|Any CPU
		{3A10EEEC-99BA-4AD7-ABE5-AA062725BCF3}.Debug|Any CPU.Build.0 = Debug|Any CPU
		{3A10EEEC-99BA-4AD7-ABE5-AA062725BCF3}.Release|Any CPU.ActiveCfg = Release|Any CPU
		{3A10EEEC-99BA-4AD7-ABE5-AA062725BCF3}.Release|Any CPU.Build.0 = Release|Any CPU
		{B4F30AA3-6790-4D46-936E-E957D7F8B2BE}.Debug|Any CPU.ActiveCfg = Debug|Any CPU
		{B4F30AA3-6790-4D46-936E-E957D7F8B2BE}.Debug|Any CPU.Build.0 = Debug|Any CPU
		{B4F30AA3-6790-4D46-936E-E957D7F8B2BE}.Release|Any CPU.ActiveCfg = Release|Any CPU
		{B4F30AA3-6790-4D46-936E-E957D7F8B2BE}.Release|Any CPU.Build.0 = Release|Any CPU
		{EDD433C2-1E80-46DC-AFF7-7C63D67AC23B}.Debug|Any CPU.ActiveCfg = Debug|Any CPU
		{EDD433C2-1E80-46DC-AFF7-7C63D67AC23B}.Debug|Any CPU.Build.0 = Debug|Any CPU
		{EDD433C2-1E80-46DC-AFF7-7C63D67AC23B}.Release|Any CPU.ActiveCfg = Release|Any CPU
		{EDD433C2-1E80-46DC-AFF7-7C63D67AC23B}.Release|Any CPU.Build.0 = Release|Any CPU
		{76BB47F8-38A9-4F41-94F8-715287899BD0}.Debug|Any CPU.ActiveCfg = Debug|Any CPU
		{76BB47F8-38A9-4F41-94F8-715287899BD0}.Debug|Any CPU.Build.0 = Debug|Any CPU
		{76BB47F8-38A9-4F41-94F8-715287899BD0}.Release|Any CPU.ActiveCfg = Release|Any CPU
		{76BB47F8-38A9-4F41-94F8-715287899BD0}.Release|Any CPU.Build.0 = Release|Any CPU
		{C5E7EBF7-2016-4030-8368-42B90E16AF6A}.Debug|Any CPU.ActiveCfg = Debug|Any CPU
		{C5E7EBF7-2016-4030-8368-42B90E16AF6A}.Debug|Any CPU.Build.0 = Debug|Any CPU
		{C5E7EBF7-2016-4030-8368-42B90E16AF6A}.Release|Any CPU.ActiveCfg = Release|Any CPU
		{C5E7EBF7-2016-4030-8368-42B90E16AF6A}.Release|Any CPU.Build.0 = Release|Any CPU
		{9B8B93B0-A9D9-4304-B4B7-43B704EF3F33}.Debug|Any CPU.ActiveCfg = Debug|Any CPU
		{9B8B93B0-A9D9-4304-B4B7-43B704EF3F33}.Debug|Any CPU.Build.0 = Debug|Any CPU
		{9B8B93B0-A9D9-4304-B4B7-43B704EF3F33}.Release|Any CPU.ActiveCfg = Release|Any CPU
		{9B8B93B0-A9D9-4304-B4B7-43B704EF3F33}.Release|Any CPU.Build.0 = Release|Any CPU
		{11D5D412-246E-4EFA-B6DA-B845C32DC377}.Debug|Any CPU.ActiveCfg = Debug|Any CPU
		{11D5D412-246E-4EFA-B6DA-B845C32DC377}.Debug|Any CPU.Build.0 = Debug|Any CPU
		{11D5D412-246E-4EFA-B6DA-B845C32DC377}.Release|Any CPU.ActiveCfg = Release|Any CPU
		{11D5D412-246E-4EFA-B6DA-B845C32DC377}.Release|Any CPU.Build.0 = Release|Any CPU
		{1B111947-56F6-4727-821B-25230469F107}.Debug|Any CPU.ActiveCfg = Debug|Any CPU
		{1B111947-56F6-4727-821B-25230469F107}.Debug|Any CPU.Build.0 = Debug|Any CPU
		{1B111947-56F6-4727-821B-25230469F107}.Release|Any CPU.ActiveCfg = Release|Any CPU
		{1B111947-56F6-4727-821B-25230469F107}.Release|Any CPU.Build.0 = Release|Any CPU
		{27E39FBB-A444-4C15-8790-E59485BF4531}.Debug|Any CPU.ActiveCfg = Debug|Any CPU
		{27E39FBB-A444-4C15-8790-E59485BF4531}.Debug|Any CPU.Build.0 = Debug|Any CPU
		{27E39FBB-A444-4C15-8790-E59485BF4531}.Release|Any CPU.ActiveCfg = Release|Any CPU
		{27E39FBB-A444-4C15-8790-E59485BF4531}.Release|Any CPU.Build.0 = Release|Any CPU
		{D3D723F0-8AC0-470C-B37D-FC990CB27EFE}.Debug|Any CPU.ActiveCfg = Debug|Any CPU
		{D3D723F0-8AC0-470C-B37D-FC990CB27EFE}.Debug|Any CPU.Build.0 = Debug|Any CPU
		{D3D723F0-8AC0-470C-B37D-FC990CB27EFE}.Release|Any CPU.ActiveCfg = Release|Any CPU
		{D3D723F0-8AC0-470C-B37D-FC990CB27EFE}.Release|Any CPU.Build.0 = Release|Any CPU
		{2A7C50B5-63F1-4B77-B495-4D5F67E76E2A}.Debug|Any CPU.ActiveCfg = Debug|Any CPU
		{2A7C50B5-63F1-4B77-B495-4D5F67E76E2A}.Debug|Any CPU.Build.0 = Debug|Any CPU
		{2A7C50B5-63F1-4B77-B495-4D5F67E76E2A}.Release|Any CPU.ActiveCfg = Release|Any CPU
		{2A7C50B5-63F1-4B77-B495-4D5F67E76E2A}.Release|Any CPU.Build.0 = Release|Any CPU
		{2E912E14-49D1-46FA-B651-37ACF9EFF747}.Debug|Any CPU.ActiveCfg = Debug|Any CPU
		{2E912E14-49D1-46FA-B651-37ACF9EFF747}.Debug|Any CPU.Build.0 = Debug|Any CPU
		{2E912E14-49D1-46FA-B651-37ACF9EFF747}.Release|Any CPU.ActiveCfg = Release|Any CPU
		{2E912E14-49D1-46FA-B651-37ACF9EFF747}.Release|Any CPU.Build.0 = Release|Any CPU
		{38AD1F79-1843-4ADB-9CD9-EB1316D0C1BA}.Debug|Any CPU.ActiveCfg = Debug|Any CPU
		{38AD1F79-1843-4ADB-9CD9-EB1316D0C1BA}.Debug|Any CPU.Build.0 = Debug|Any CPU
		{38AD1F79-1843-4ADB-9CD9-EB1316D0C1BA}.Release|Any CPU.ActiveCfg = Release|Any CPU
		{38AD1F79-1843-4ADB-9CD9-EB1316D0C1BA}.Release|Any CPU.Build.0 = Release|Any CPU
		{506F076A-5C67-4455-A1EC-DF5E13C0688F}.Debug|Any CPU.ActiveCfg = Debug|Any CPU
		{506F076A-5C67-4455-A1EC-DF5E13C0688F}.Debug|Any CPU.Build.0 = Debug|Any CPU
		{506F076A-5C67-4455-A1EC-DF5E13C0688F}.Release|Any CPU.ActiveCfg = Release|Any CPU
		{506F076A-5C67-4455-A1EC-DF5E13C0688F}.Release|Any CPU.Build.0 = Release|Any CPU
		{C462DE59-D1ED-44A2-A7C5-84323095F497}.Debug|Any CPU.ActiveCfg = Debug|Any CPU
		{C462DE59-D1ED-44A2-A7C5-84323095F497}.Debug|Any CPU.Build.0 = Debug|Any CPU
		{C462DE59-D1ED-44A2-A7C5-84323095F497}.Release|Any CPU.ActiveCfg = Release|Any CPU
		{C462DE59-D1ED-44A2-A7C5-84323095F497}.Release|Any CPU.Build.0 = Release|Any CPU
	EndGlobalSection
	GlobalSection(SolutionProperties) = preSolution
		HideSolutionNode = FALSE
	EndGlobalSection
	GlobalSection(NestedProjects) = preSolution
		{81DED813-F39D-4BD7-8554-1E4F83F17889} = {721F32B6-1C39-41E3-8F0E-83D1EC92B4DE}
		{3FD24E3E-A56C-4724-B1A8-1CDBBE69CF7E} = {9FDB02E9-D1A7-4632-A2D9-A4A91EE4D4A5}
		{343A614A-F598-4262-A85C-D0FBF2DBF8CF} = {6545E985-58B5-4590-B765-B7CD27628D0B}
		{3A10EEEC-99BA-4AD7-ABE5-AA062725BCF3} = {721F32B6-1C39-41E3-8F0E-83D1EC92B4DE}
		{B4F30AA3-6790-4D46-936E-E957D7F8B2BE} = {9F195BD9-461A-4E26-8EC9-F32C7B9AE4C7}
		{EDD433C2-1E80-46DC-AFF7-7C63D67AC23B} = {6545E985-58B5-4590-B765-B7CD27628D0B}
		{76BB47F8-38A9-4F41-94F8-715287899BD0} = {6545E985-58B5-4590-B765-B7CD27628D0B}
		{9B8B93B0-A9D9-4304-B4B7-43B704EF3F33} = {6545E985-58B5-4590-B765-B7CD27628D0B}
		{11D5D412-246E-4EFA-B6DA-B845C32DC377} = {6545E985-58B5-4590-B765-B7CD27628D0B}
		{1B111947-56F6-4727-821B-25230469F107} = {6545E985-58B5-4590-B765-B7CD27628D0B}
		{27E39FBB-A444-4C15-8790-E59485BF4531} = {6545E985-58B5-4590-B765-B7CD27628D0B}
		{D3D723F0-8AC0-470C-B37D-FC990CB27EFE} = {6545E985-58B5-4590-B765-B7CD27628D0B}
		{2A7C50B5-63F1-4B77-B495-4D5F67E76E2A} = {9FDB02E9-D1A7-4632-A2D9-A4A91EE4D4A5}
		{2E912E14-49D1-46FA-B651-37ACF9EFF747} = {6545E985-58B5-4590-B765-B7CD27628D0B}
		{38AD1F79-1843-4ADB-9CD9-EB1316D0C1BA} = {9FDB02E9-D1A7-4632-A2D9-A4A91EE4D4A5}
		{C462DE59-D1ED-44A2-A7C5-84323095F497} = {6545E985-58B5-4590-B765-B7CD27628D0B}
	EndGlobalSection
	GlobalSection(ExtensibilityGlobals) = postSolution
		SolutionGuid = {A063F0C5-38BF-495E-8B72-2E7F00C1C4DE}
	EndGlobalSection
EndGlobal
